// !$*UTF8*$!
{
	archiveVersion = 1;
	classes = {
	};
	objectVersion = 55;
	objects = {

/* Begin PBXBuildFile section */
		235281AA28E45B5B002BB290 /* AppDelegate.swift in Sources */ = {isa = PBXBuildFile; fileRef = 235281A928E45B5B002BB290 /* AppDelegate.swift */; };
		235281AC28E45B5B002BB290 /* SceneDelegate.swift in Sources */ = {isa = PBXBuildFile; fileRef = 235281AB28E45B5B002BB290 /* SceneDelegate.swift */; };
		235281AE28E45B5B002BB290 /* ViewController.swift in Sources */ = {isa = PBXBuildFile; fileRef = 235281AD28E45B5B002BB290 /* ViewController.swift */; };
		235281B128E45B5B002BB290 /* Main.storyboard in Resources */ = {isa = PBXBuildFile; fileRef = 235281AF28E45B5B002BB290 /* Main.storyboard */; };
		235281B328E45B5D002BB290 /* Assets.xcassets in Resources */ = {isa = PBXBuildFile; fileRef = 235281B228E45B5D002BB290 /* Assets.xcassets */; };
		235281B628E45B5D002BB290 /* LaunchScreen.storyboard in Resources */ = {isa = PBXBuildFile; fileRef = 235281B428E45B5D002BB290 /* LaunchScreen.storyboard */; };
		F3B0BB4615B77D5BCC39C145 /* Pods_NOTI_Teacher.framework in Frameworks */ = {isa = PBXBuildFile; fileRef = 6ACA048264682F6568D35C61 /* Pods_NOTI_Teacher.framework */; };
/* End PBXBuildFile section */

/* Begin PBXFileReference section */
		235281A628E45B5B002BB290 /* NOTI_Teacher.app */ = {isa = PBXFileReference; explicitFileType = wrapper.application; includeInIndex = 0; path = NOTI_Teacher.app; sourceTree = BUILT_PRODUCTS_DIR; };
		235281A928E45B5B002BB290 /* AppDelegate.swift */ = {isa = PBXFileReference; lastKnownFileType = sourcecode.swift; path = AppDelegate.swift; sourceTree = "<group>"; };
		235281AB28E45B5B002BB290 /* SceneDelegate.swift */ = {isa = PBXFileReference; lastKnownFileType = sourcecode.swift; path = SceneDelegate.swift; sourceTree = "<group>"; };
		235281AD28E45B5B002BB290 /* ViewController.swift */ = {isa = PBXFileReference; lastKnownFileType = sourcecode.swift; path = ViewController.swift; sourceTree = "<group>"; };
		235281B028E45B5B002BB290 /* Base */ = {isa = PBXFileReference; lastKnownFileType = file.storyboard; name = Base; path = Base.lproj/Main.storyboard; sourceTree = "<group>"; };
		235281B228E45B5D002BB290 /* Assets.xcassets */ = {isa = PBXFileReference; lastKnownFileType = folder.assetcatalog; path = Assets.xcassets; sourceTree = "<group>"; };
		235281B528E45B5D002BB290 /* Base */ = {isa = PBXFileReference; lastKnownFileType = file.storyboard; name = Base; path = Base.lproj/LaunchScreen.storyboard; sourceTree = "<group>"; };
		235281B728E45B5D002BB290 /* Info.plist */ = {isa = PBXFileReference; lastKnownFileType = text.plist.xml; path = Info.plist; sourceTree = "<group>"; };
		338C765C1AB61DC5483BE708 /* Pods-NOTI_Teacher.release.xcconfig */ = {isa = PBXFileReference; includeInIndex = 1; lastKnownFileType = text.xcconfig; name = "Pods-NOTI_Teacher.release.xcconfig"; path = "Target Support Files/Pods-NOTI_Teacher/Pods-NOTI_Teacher.release.xcconfig"; sourceTree = "<group>"; };
		6ACA048264682F6568D35C61 /* Pods_NOTI_Teacher.framework */ = {isa = PBXFileReference; explicitFileType = wrapper.framework; includeInIndex = 0; path = Pods_NOTI_Teacher.framework; sourceTree = BUILT_PRODUCTS_DIR; };
		7088932F122A8D9A7DFCCE4F /* Pods-NOTI_Teacher.debug.xcconfig */ = {isa = PBXFileReference; includeInIndex = 1; lastKnownFileType = text.xcconfig; name = "Pods-NOTI_Teacher.debug.xcconfig"; path = "Target Support Files/Pods-NOTI_Teacher/Pods-NOTI_Teacher.debug.xcconfig"; sourceTree = "<group>"; };
/* End PBXFileReference section */

/* Begin PBXFrameworksBuildPhase section */
		235281A328E45B5B002BB290 /* Frameworks */ = {
			isa = PBXFrameworksBuildPhase;
			buildActionMask = 2147483647;
			files = (
				F3B0BB4615B77D5BCC39C145 /* Pods_NOTI_Teacher.framework in Frameworks */,
			);
			runOnlyForDeploymentPostprocessing = 0;
		};
/* End PBXFrameworksBuildPhase section */

/* Begin PBXGroup section */
		02988E65A8182AFB24F5F0CD /* Frameworks */ = {
			isa = PBXGroup;
			children = (
				6ACA048264682F6568D35C61 /* Pods_NOTI_Teacher.framework */,
			);
			name = Frameworks;
			sourceTree = "<group>";
		};
		2352819D28E45B5B002BB290 = {
			isa = PBXGroup;
			children = (
				235281A828E45B5B002BB290 /* NOTI_Teacher */,
				235281A728E45B5B002BB290 /* Products */,
				6DC2750819BAA67E30D68415 /* Pods */,
				02988E65A8182AFB24F5F0CD /* Frameworks */,
			);
			sourceTree = "<group>";
		};
		235281A728E45B5B002BB290 /* Products */ = {
			isa = PBXGroup;
			children = (
				235281A628E45B5B002BB290 /* NOTI_Teacher.app */,
			);
			name = Products;
			sourceTree = "<group>";
		};
		235281A828E45B5B002BB290 /* NOTI_Teacher */ = {
			isa = PBXGroup;
			children = (
				235281A928E45B5B002BB290 /* AppDelegate.swift */,
				235281AB28E45B5B002BB290 /* SceneDelegate.swift */,
				235281AD28E45B5B002BB290 /* ViewController.swift */,
				235281AF28E45B5B002BB290 /* Main.storyboard */,
				235281B228E45B5D002BB290 /* Assets.xcassets */,
				235281B428E45B5D002BB290 /* LaunchScreen.storyboard */,
				235281B728E45B5D002BB290 /* Info.plist */,
			);
			path = NOTI_Teacher;
			sourceTree = "<group>";
		};
		6DC2750819BAA67E30D68415 /* Pods */ = {
			isa = PBXGroup;
			children = (
				7088932F122A8D9A7DFCCE4F /* Pods-NOTI_Teacher.debug.xcconfig */,
				338C765C1AB61DC5483BE708 /* Pods-NOTI_Teacher.release.xcconfig */,
			);
			name = Pods;
			path = Pods;
			sourceTree = "<group>";
		};
/* End PBXGroup section */

/* Begin PBXNativeTarget section */
		235281A528E45B5B002BB290 /* NOTI_Teacher */ = {
			isa = PBXNativeTarget;
			buildConfigurationList = 235281BA28E45B5D002BB290 /* Build configuration list for PBXNativeTarget "NOTI_Teacher" */;
			buildPhases = (
				C05B7F06D5C5DD178F2E268A /* [CP] Check Pods Manifest.lock */,
				235281A228E45B5B002BB290 /* Sources */,
				235281A328E45B5B002BB290 /* Frameworks */,
				235281A428E45B5B002BB290 /* Resources */,
			);
			buildRules = (
			);
			dependencies = (
			);
			name = NOTI_Teacher;
			productName = NOTI_Teacher;
			productReference = 235281A628E45B5B002BB290 /* NOTI_Teacher.app */;
			productType = "com.apple.product-type.application";
		};
/* End PBXNativeTarget section */

/* Begin PBXProject section */
		2352819E28E45B5B002BB290 /* Project object */ = {
			isa = PBXProject;
			attributes = {
				BuildIndependentTargetsInParallel = 1;
				LastSwiftUpdateCheck = 1340;
				LastUpgradeCheck = 1340;
				TargetAttributes = {
					235281A528E45B5B002BB290 = {
						CreatedOnToolsVersion = 13.4.1;
					};
				};
			};
			buildConfigurationList = 235281A128E45B5B002BB290 /* Build configuration list for PBXProject "NOTI_Teacher" */;
			compatibilityVersion = "Xcode 13.0";
			developmentRegion = en;
			hasScannedForEncodings = 0;
			knownRegions = (
				en,
				Base,
			);
			mainGroup = 2352819D28E45B5B002BB290;
			productRefGroup = 235281A728E45B5B002BB290 /* Products */;
			projectDirPath = "";
			projectRoot = "";
			targets = (
				235281A528E45B5B002BB290 /* NOTI_Teacher */,
			);
		};
/* End PBXProject section */

/* Begin PBXResourcesBuildPhase section */
		235281A428E45B5B002BB290 /* Resources */ = {
			isa = PBXResourcesBuildPhase;
			buildActionMask = 2147483647;
			files = (
				235281B628E45B5D002BB290 /* LaunchScreen.storyboard in Resources */,
				235281B328E45B5D002BB290 /* Assets.xcassets in Resources */,
				235281B128E45B5B002BB290 /* Main.storyboard in Resources */,
			);
			runOnlyForDeploymentPostprocessing = 0;
		};
/* End PBXResourcesBuildPhase section */

/* Begin PBXShellScriptBuildPhase section */
		C05B7F06D5C5DD178F2E268A /* [CP] Check Pods Manifest.lock */ = {
			isa = PBXShellScriptBuildPhase;
			buildActionMask = 2147483647;
			files = (
			);
			inputFileListPaths = (
			);
			inputPaths = (
				"${PODS_PODFILE_DIR_PATH}/Podfile.lock",
				"${PODS_ROOT}/Manifest.lock",
			);
			name = "[CP] Check Pods Manifest.lock";
			outputFileListPaths = (
			);
			outputPaths = (
				"$(DERIVED_FILE_DIR)/Pods-NOTI_Teacher-checkManifestLockResult.txt",
			);
			runOnlyForDeploymentPostprocessing = 0;
			shellPath = /bin/sh;
			shellScript = "diff \"${PODS_PODFILE_DIR_PATH}/Podfile.lock\" \"${PODS_ROOT}/Manifest.lock\" > /dev/null\nif [ $? != 0 ] ; then\n    # print error to STDERR\n    echo \"error: The sandbox is not in sync with the Podfile.lock. Run 'pod install' or update your CocoaPods installation.\" >&2\n    exit 1\nfi\n# This output is used by Xcode 'outputs' to avoid re-running this script phase.\necho \"SUCCESS\" > \"${SCRIPT_OUTPUT_FILE_0}\"\n";
			showEnvVarsInLog = 0;
		};
/* End PBXShellScriptBuildPhase section */

/* Begin PBXSourcesBuildPhase section */
		235281A228E45B5B002BB290 /* Sources */ = {
			isa = PBXSourcesBuildPhase;
			buildActionMask = 2147483647;
			files = (
				235281AE28E45B5B002BB290 /* ViewController.swift in Sources */,
				235281AA28E45B5B002BB290 /* AppDelegate.swift in Sources */,
				235281AC28E45B5B002BB290 /* SceneDelegate.swift in Sources */,
			);
			runOnlyForDeploymentPostprocessing = 0;
		};
/* End PBXSourcesBuildPhase section */

/* Begin PBXVariantGroup section */
		235281AF28E45B5B002BB290 /* Main.storyboard */ = {
			isa = PBXVariantGroup;
			children = (
				235281B028E45B5B002BB290 /* Base */,
			);
			name = Main.storyboard;
			sourceTree = "<group>";
		};
		235281B428E45B5D002BB290 /* LaunchScreen.storyboard */ = {
			isa = PBXVariantGroup;
			children = (
				235281B528E45B5D002BB290 /* Base */,
			);
			name = LaunchScreen.storyboard;
			sourceTree = "<group>";
		};
/* End PBXVariantGroup section */

/* Begin XCBuildConfiguration section */
		235281B828E45B5D002BB290 /* Debug */ = {
			isa = XCBuildConfiguration;
			buildSettings = {
				ALWAYS_SEARCH_USER_PATHS = NO;
				CLANG_ANALYZER_NONNULL = YES;
				CLANG_ANALYZER_NUMBER_OBJECT_CONVERSION = YES_AGGRESSIVE;
				CLANG_CXX_LANGUAGE_STANDARD = "gnu++17";
				CLANG_ENABLE_MODULES = YES;
				CLANG_ENABLE_OBJC_ARC = YES;
				CLANG_ENABLE_OBJC_WEAK = YES;
				CLANG_WARN_BLOCK_CAPTURE_AUTORELEASING = YES;
				CLANG_WARN_BOOL_CONVERSION = YES;
				CLANG_WARN_COMMA = YES;
				CLANG_WARN_CONSTANT_CONVERSION = YES;
				CLANG_WARN_DEPRECATED_OBJC_IMPLEMENTATIONS = YES;
				CLANG_WARN_DIRECT_OBJC_ISA_USAGE = YES_ERROR;
				CLANG_WARN_DOCUMENTATION_COMMENTS = YES;
				CLANG_WARN_EMPTY_BODY = YES;
				CLANG_WARN_ENUM_CONVERSION = YES;
				CLANG_WARN_INFINITE_RECURSION = YES;
				CLANG_WARN_INT_CONVERSION = YES;
				CLANG_WARN_NON_LITERAL_NULL_CONVERSION = YES;
				CLANG_WARN_OBJC_IMPLICIT_RETAIN_SELF = YES;
				CLANG_WARN_OBJC_LITERAL_CONVERSION = YES;
				CLANG_WARN_OBJC_ROOT_CLASS = YES_ERROR;
				CLANG_WARN_QUOTED_INCLUDE_IN_FRAMEWORK_HEADER = YES;
				CLANG_WARN_RANGE_LOOP_ANALYSIS = YES;
				CLANG_WARN_STRICT_PROTOTYPES = YES;
				CLANG_WARN_SUSPICIOUS_MOVE = YES;
				CLANG_WARN_UNGUARDED_AVAILABILITY = YES_AGGRESSIVE;
				CLANG_WARN_UNREACHABLE_CODE = YES;
				CLANG_WARN__DUPLICATE_METHOD_MATCH = YES;
				COPY_PHASE_STRIP = NO;
				DEBUG_INFORMATION_FORMAT = dwarf;
				ENABLE_STRICT_OBJC_MSGSEND = YES;
				ENABLE_TESTABILITY = YES;
				GCC_C_LANGUAGE_STANDARD = gnu11;
				GCC_DYNAMIC_NO_PIC = NO;
				GCC_NO_COMMON_BLOCKS = YES;
				GCC_OPTIMIZATION_LEVEL = 0;
				GCC_PREPROCESSOR_DEFINITIONS = (
					"DEBUG=1",
					"$(inherited)",
				);
				GCC_WARN_64_TO_32_BIT_CONVERSION = YES;
				GCC_WARN_ABOUT_RETURN_TYPE = YES_ERROR;
				GCC_WARN_UNDECLARED_SELECTOR = YES;
				GCC_WARN_UNINITIALIZED_AUTOS = YES_AGGRESSIVE;
				GCC_WARN_UNUSED_FUNCTION = YES;
				GCC_WARN_UNUSED_VARIABLE = YES;
				IPHONEOS_DEPLOYMENT_TARGET = 15.5;
				MTL_ENABLE_DEBUG_INFO = INCLUDE_SOURCE;
				MTL_FAST_MATH = YES;
				ONLY_ACTIVE_ARCH = YES;
				SDKROOT = iphoneos;
				SWIFT_ACTIVE_COMPILATION_CONDITIONS = DEBUG;
				SWIFT_OPTIMIZATION_LEVEL = "-Onone";
			};
			name = Debug;
		};
		235281B928E45B5D002BB290 /* Release */ = {
			isa = XCBuildConfiguration;
			buildSettings = {
				ALWAYS_SEARCH_USER_PATHS = NO;
				CLANG_ANALYZER_NONNULL = YES;
				CLANG_ANALYZER_NUMBER_OBJECT_CONVERSION = YES_AGGRESSIVE;
				CLANG_CXX_LANGUAGE_STANDARD = "gnu++17";
				CLANG_ENABLE_MODULES = YES;
				CLANG_ENABLE_OBJC_ARC = YES;
				CLANG_ENABLE_OBJC_WEAK = YES;
				CLANG_WARN_BLOCK_CAPTURE_AUTORELEASING = YES;
				CLANG_WARN_BOOL_CONVERSION = YES;
				CLANG_WARN_COMMA = YES;
				CLANG_WARN_CONSTANT_CONVERSION = YES;
				CLANG_WARN_DEPRECATED_OBJC_IMPLEMENTATIONS = YES;
				CLANG_WARN_DIRECT_OBJC_ISA_USAGE = YES_ERROR;
				CLANG_WARN_DOCUMENTATION_COMMENTS = YES;
				CLANG_WARN_EMPTY_BODY = YES;
				CLANG_WARN_ENUM_CONVERSION = YES;
				CLANG_WARN_INFINITE_RECURSION = YES;
				CLANG_WARN_INT_CONVERSION = YES;
				CLANG_WARN_NON_LITERAL_NULL_CONVERSION = YES;
				CLANG_WARN_OBJC_IMPLICIT_RETAIN_SELF = YES;
				CLANG_WARN_OBJC_LITERAL_CONVERSION = YES;
				CLANG_WARN_OBJC_ROOT_CLASS = YES_ERROR;
				CLANG_WARN_QUOTED_INCLUDE_IN_FRAMEWORK_HEADER = YES;
				CLANG_WARN_RANGE_LOOP_ANALYSIS = YES;
				CLANG_WARN_STRICT_PROTOTYPES = YES;
				CLANG_WARN_SUSPICIOUS_MOVE = YES;
				CLANG_WARN_UNGUARDED_AVAILABILITY = YES_AGGRESSIVE;
				CLANG_WARN_UNREACHABLE_CODE = YES;
				CLANG_WARN__DUPLICATE_METHOD_MATCH = YES;
				COPY_PHASE_STRIP = NO;
				DEBUG_INFORMATION_FORMAT = "dwarf-with-dsym";
				ENABLE_NS_ASSERTIONS = NO;
				ENABLE_STRICT_OBJC_MSGSEND = YES;
				GCC_C_LANGUAGE_STANDARD = gnu11;
				GCC_NO_COMMON_BLOCKS = YES;
				GCC_WARN_64_TO_32_BIT_CONVERSION = YES;
				GCC_WARN_ABOUT_RETURN_TYPE = YES_ERROR;
				GCC_WARN_UNDECLARED_SELECTOR = YES;
				GCC_WARN_UNINITIALIZED_AUTOS = YES_AGGRESSIVE;
				GCC_WARN_UNUSED_FUNCTION = YES;
				GCC_WARN_UNUSED_VARIABLE = YES;
				IPHONEOS_DEPLOYMENT_TARGET = 15.5;
				MTL_ENABLE_DEBUG_INFO = NO;
				MTL_FAST_MATH = YES;
				SDKROOT = iphoneos;
				SWIFT_COMPILATION_MODE = wholemodule;
				SWIFT_OPTIMIZATION_LEVEL = "-O";
				VALIDATE_PRODUCT = YES;
			};
			name = Release;
		};
		235281BB28E45B5D002BB290 /* Debug */ = {
			isa = XCBuildConfiguration;
			baseConfigurationReference = 7088932F122A8D9A7DFCCE4F /* Pods-NOTI_Teacher.debug.xcconfig */;
			buildSettings = {
				ASSETCATALOG_COMPILER_APPICON_NAME = AppIcon;
				ASSETCATALOG_COMPILER_GLOBAL_ACCENT_COLOR_NAME = AccentColor;
				CODE_SIGN_STYLE = Automatic;
				CURRENT_PROJECT_VERSION = 1;
				DEVELOPMENT_TEAM = U2Z5Z44P4R;
				GENERATE_INFOPLIST_FILE = YES;
				INFOPLIST_FILE = NOTI_Teacher/Info.plist;
				INFOPLIST_KEY_UIApplicationSupportsIndirectInputEvents = YES;
				INFOPLIST_KEY_UILaunchStoryboardName = LaunchScreen;
				INFOPLIST_KEY_UIMainStoryboardFile = Main;
				INFOPLIST_KEY_UISupportedInterfaceOrientations_iPad = "UIInterfaceOrientationPortrait UIInterfaceOrientationPortraitUpsideDown UIInterfaceOrientationLandscapeLeft UIInterfaceOrientationLandscapeRight";
				INFOPLIST_KEY_UISupportedInterfaceOrientations_iPhone = "UIInterfaceOrientationPortrait UIInterfaceOrientationLandscapeLeft UIInterfaceOrientationLandscapeRight";
				LD_RUNPATH_SEARCH_PATHS = (
					"$(inherited)",
					"@executable_path/Frameworks",
				);
				MARKETING_VERSION = 1.0;
				PRODUCT_BUNDLE_IDENTIFIER = "com.Nonigement.NOTI-Teacher";
				PRODUCT_NAME = "$(TARGET_NAME)";
				SWIFT_EMIT_LOC_STRINGS = YES;
				SWIFT_VERSION = 5.0;
				TARGETED_DEVICE_FAMILY = "1,2";
			};
			name = Debug;
		};
		235281BC28E45B5D002BB290 /* Release */ = {
			isa = XCBuildConfiguration;
			baseConfigurationReference = 338C765C1AB61DC5483BE708 /* Pods-NOTI_Teacher.release.xcconfig */;
			buildSettings = {
				ASSETCATALOG_COMPILER_APPICON_NAME = AppIcon;
				ASSETCATALOG_COMPILER_GLOBAL_ACCENT_COLOR_NAME = AccentColor;
				CODE_SIGN_STYLE = Automatic;
				CURRENT_PROJECT_VERSION = 1;
				DEVELOPMENT_TEAM = U2Z5Z44P4R;
				GENERATE_INFOPLIST_FILE = YES;
				INFOPLIST_FILE = NOTI_Teacher/Info.plist;
				INFOPLIST_KEY_UIApplicationSupportsIndirectInputEvents = YES;
				INFOPLIST_KEY_UILaunchStoryboardName = LaunchScreen;
				INFOPLIST_KEY_UIMainStoryboardFile = Main;
				INFOPLIST_KEY_UISupportedInterfaceOrientations_iPad = "UIInterfaceOrientationPortrait UIInterfaceOrientationPortraitUpsideDown UIInterfaceOrientationLandscapeLeft UIInterfaceOrientationLandscapeRight";
				INFOPLIST_KEY_UISupportedInterfaceOrientations_iPhone = "UIInterfaceOrientationPortrait UIInterfaceOrientationLandscapeLeft UIInterfaceOrientationLandscapeRight";
				LD_RUNPATH_SEARCH_PATHS = (
					"$(inherited)",
					"@executable_path/Frameworks",
				);
				MARKETING_VERSION = 1.0;
				PRODUCT_BUNDLE_IDENTIFIER = "com.Nonigement.NOTI-Teacher";
				PRODUCT_NAME = "$(TARGET_NAME)";
				SWIFT_EMIT_LOC_STRINGS = YES;
				SWIFT_VERSION = 5.0;
				TARGETED_DEVICE_FAMILY = "1,2";
			};
			name = Release;
		};
/* End XCBuildConfiguration section */

/* Begin XCConfigurationList section */
		235281A128E45B5B002BB290 /* Build configuration list for PBXProject "NOTI_Teacher" */ = {
			isa = XCConfigurationList;
			buildConfigurations = (
				235281B828E45B5D002BB290 /* Debug */,
				235281B928E45B5D002BB290 /* Release */,
			);
			defaultConfigurationIsVisible = 0;
			defaultConfigurationName = Release;
		};
		235281BA28E45B5D002BB290 /* Build configuration list for PBXNativeTarget "NOTI_Teacher" */ = {
			isa = XCConfigurationList;
			buildConfigurations = (
				235281BB28E45B5D002BB290 /* Debug */,
				235281BC28E45B5D002BB290 /* Release */,
			);
			defaultConfigurationIsVisible = 0;
			defaultConfigurationName = Release;
		};
/* End XCConfigurationList section */
	};
	rootObject = 2352819E28E45B5B002BB290 /* Project object */;
}
