// !$*UTF8*$!
{
	archiveVersion = 1;
	classes = {
	};
	objectVersion = 55;
	objects = {

/* Begin PBXBuildFile section */
		235281AA28E45B5B002BB290 /* AppDelegate.swift in Sources */ = {isa = PBXBuildFile; fileRef = 235281A928E45B5B002BB290 /* AppDelegate.swift */; };
		235281B328E45B5D002BB290 /* Assets.xcassets in Resources */ = {isa = PBXBuildFile; fileRef = 235281B228E45B5D002BB290 /* Assets.xcassets */; };
		235281B628E45B5D002BB290 /* LaunchScreen.storyboard in Resources */ = {isa = PBXBuildFile; fileRef = 235281B428E45B5D002BB290 /* LaunchScreen.storyboard */; };
		235281C528E46374002BB290 /* Input.swift in Sources */ = {isa = PBXBuildFile; fileRef = 235281C428E46374002BB290 /* Input.swift */; };
		235281C728E4638B002BB290 /* Output.swift in Sources */ = {isa = PBXBuildFile; fileRef = 235281C628E4638B002BB290 /* Output.swift */; };
		235281C928E463A1002BB290 /* Loadable.swift in Sources */ = {isa = PBXBuildFile; fileRef = 235281C828E463A1002BB290 /* Loadable.swift */; };
		235281CB28E46410002BB290 /* String+.swift in Sources */ = {isa = PBXBuildFile; fileRef = 235281CA28E46410002BB290 /* String+.swift */; };
		235281CD28E465F2002BB290 /* UILabel+.swift in Sources */ = {isa = PBXBuildFile; fileRef = 235281CC28E465F2002BB290 /* UILabel+.swift */; };
		235281CF28E46658002BB290 /* UIView+.swift in Sources */ = {isa = PBXBuildFile; fileRef = 235281CE28E46658002BB290 /* UIView+.swift */; };
		235281D128E466BF002BB290 /* UIViewController+.swift in Sources */ = {isa = PBXBuildFile; fileRef = 235281D028E466BF002BB290 /* UIViewController+.swift */; };
		235281D328E4671C002BB290 /* UIColor+.swift in Sources */ = {isa = PBXBuildFile; fileRef = 235281D228E4671C002BB290 /* UIColor+.swift */; };
		235281D628E46BE8002BB290 /* Date+.swift in Sources */ = {isa = PBXBuildFile; fileRef = 235281D528E46BE8002BB290 /* Date+.swift */; };
		235281D928E46C7C002BB290 /* LoadingView.swift in Sources */ = {isa = PBXBuildFile; fileRef = 235281D828E46C7C002BB290 /* LoadingView.swift */; };
		235281DB28E46C96002BB290 /* BaseView.swift in Sources */ = {isa = PBXBuildFile; fileRef = 235281DA28E46C96002BB290 /* BaseView.swift */; };
		235281DD28E46CB3002BB290 /* BaseViewController.swift in Sources */ = {isa = PBXBuildFile; fileRef = 235281DC28E46CB3002BB290 /* BaseViewController.swift */; };
		235281DF28E46CEE002BB290 /* BaseViewModel.swift in Sources */ = {isa = PBXBuildFile; fileRef = 235281DE28E46CEE002BB290 /* BaseViewModel.swift */; };
		235281E128E46D0F002BB290 /* BaseNAvigationController.swift in Sources */ = {isa = PBXBuildFile; fileRef = 235281E028E46D0F002BB290 /* BaseNAvigationController.swift */; };
		235281E328E46D21002BB290 /* APIError.swift in Sources */ = {isa = PBXBuildFile; fileRef = 235281E228E46D21002BB290 /* APIError.swift */; };
		235281E528E46D39002BB290 /* APIService.swift in Sources */ = {isa = PBXBuildFile; fileRef = 235281E428E46D39002BB290 /* APIService.swift */; };
		235281E728E46D64002BB290 /* URLResource.swift in Sources */ = {isa = PBXBuildFile; fileRef = 235281E628E46D64002BB290 /* URLResource.swift */; };
		235281E928E46DA1002BB290 /* APISession.swift in Sources */ = {isa = PBXBuildFile; fileRef = 235281E828E46DA1002BB290 /* APISession.swift */; };
		235281EF28E46EE0002BB290 /* NotoSansKR-Light.otf in Resources */ = {isa = PBXBuildFile; fileRef = 235281EC28E46EE0002BB290 /* NotoSansKR-Light.otf */; };
		235281F028E46EE0002BB290 /* NotoSansKR-Medium.otf in Resources */ = {isa = PBXBuildFile; fileRef = 235281ED28E46EE0002BB290 /* NotoSansKR-Medium.otf */; };
		235281F128E46EE0002BB290 /* NotoSansKR-Bold.otf in Resources */ = {isa = PBXBuildFile; fileRef = 235281EE28E46EE0002BB290 /* NotoSansKR-Bold.otf */; };
		235281F328E46F57002BB290 /* UIFont+.swift in Sources */ = {isa = PBXBuildFile; fileRef = 235281F228E46F57002BB290 /* UIFont+.swift */; };
		235281F828E47071002BB290 /* HomeVC.swift in Sources */ = {isa = PBXBuildFile; fileRef = 235281F728E47071002BB290 /* HomeVC.swift */; };
		235281FA28E47760002BB290 /* NavigationBar.swift in Sources */ = {isa = PBXBuildFile; fileRef = 235281F928E47760002BB290 /* NavigationBar.swift */; };
		235281FD28E477BC002BB290 /* NaviType.swift in Sources */ = {isa = PBXBuildFile; fileRef = 235281FC28E477BC002BB290 /* NaviType.swift */; };
		2352820128E5D134002BB290 /* NotiTBC.swift in Sources */ = {isa = PBXBuildFile; fileRef = 2352820028E5D134002BB290 /* NotiTBC.swift */; };
		2352820528E60875002BB290 /* NotiTabBar.swift in Sources */ = {isa = PBXBuildFile; fileRef = 2352820428E60875002BB290 /* NotiTabBar.swift */; };
		2352820728E61164002BB290 /* NotiTBC.storyboard in Resources */ = {isa = PBXBuildFile; fileRef = 2352820628E61164002BB290 /* NotiTBC.storyboard */; };
		237A2E8528E697C60030FBCE /* HomeHeaderView.swift in Sources */ = {isa = PBXBuildFile; fileRef = 237A2E8428E697C60030FBCE /* HomeHeaderView.swift */; };
		237A2E8728E6999C0030FBCE /* DateType.swift in Sources */ = {isa = PBXBuildFile; fileRef = 237A2E8628E6999C0030FBCE /* DateType.swift */; };
		237A2E8928E6A43F0030FBCE /* UserDefaults+.swift in Sources */ = {isa = PBXBuildFile; fileRef = 237A2E8828E6A43F0030FBCE /* UserDefaults+.swift */; };
		237A2E8D28E6AAB00030FBCE /* ClassProgressView.swift in Sources */ = {isa = PBXBuildFile; fileRef = 237A2E8C28E6AAB00030FBCE /* ClassProgressView.swift */; };
		F3B0BB4615B77D5BCC39C145 /* Pods_NOTI_Teacher.framework in Frameworks */ = {isa = PBXBuildFile; fileRef = 6ACA048264682F6568D35C61 /* Pods_NOTI_Teacher.framework */; };
/* End PBXBuildFile section */

/* Begin PBXFileReference section */
		235281A628E45B5B002BB290 /* NOTI_Teacher.app */ = {isa = PBXFileReference; explicitFileType = wrapper.application; includeInIndex = 0; path = NOTI_Teacher.app; sourceTree = BUILT_PRODUCTS_DIR; };
		235281A928E45B5B002BB290 /* AppDelegate.swift */ = {isa = PBXFileReference; lastKnownFileType = sourcecode.swift; path = AppDelegate.swift; sourceTree = "<group>"; };
		235281B228E45B5D002BB290 /* Assets.xcassets */ = {isa = PBXFileReference; lastKnownFileType = folder.assetcatalog; path = Assets.xcassets; sourceTree = "<group>"; };
		235281B528E45B5D002BB290 /* Base */ = {isa = PBXFileReference; lastKnownFileType = file.storyboard; name = Base; path = Base.lproj/LaunchScreen.storyboard; sourceTree = "<group>"; };
		235281B728E45B5D002BB290 /* Info.plist */ = {isa = PBXFileReference; lastKnownFileType = text.plist.xml; path = Info.plist; sourceTree = "<group>"; };
		235281C428E46374002BB290 /* Input.swift */ = {isa = PBXFileReference; lastKnownFileType = sourcecode.swift; path = Input.swift; sourceTree = "<group>"; };
		235281C628E4638B002BB290 /* Output.swift */ = {isa = PBXFileReference; lastKnownFileType = sourcecode.swift; path = Output.swift; sourceTree = "<group>"; };
		235281C828E463A1002BB290 /* Loadable.swift */ = {isa = PBXFileReference; lastKnownFileType = sourcecode.swift; path = Loadable.swift; sourceTree = "<group>"; };
		235281CA28E46410002BB290 /* String+.swift */ = {isa = PBXFileReference; lastKnownFileType = sourcecode.swift; path = "String+.swift"; sourceTree = "<group>"; };
		235281CC28E465F2002BB290 /* UILabel+.swift */ = {isa = PBXFileReference; lastKnownFileType = sourcecode.swift; path = "UILabel+.swift"; sourceTree = "<group>"; };
		235281CE28E46658002BB290 /* UIView+.swift */ = {isa = PBXFileReference; lastKnownFileType = sourcecode.swift; path = "UIView+.swift"; sourceTree = "<group>"; };
		235281D028E466BF002BB290 /* UIViewController+.swift */ = {isa = PBXFileReference; lastKnownFileType = sourcecode.swift; path = "UIViewController+.swift"; sourceTree = "<group>"; };
		235281D228E4671C002BB290 /* UIColor+.swift */ = {isa = PBXFileReference; lastKnownFileType = sourcecode.swift; path = "UIColor+.swift"; sourceTree = "<group>"; };
		235281D528E46BE8002BB290 /* Date+.swift */ = {isa = PBXFileReference; lastKnownFileType = sourcecode.swift; path = "Date+.swift"; sourceTree = "<group>"; };
		235281D828E46C7C002BB290 /* LoadingView.swift */ = {isa = PBXFileReference; lastKnownFileType = sourcecode.swift; path = LoadingView.swift; sourceTree = "<group>"; };
		235281DA28E46C96002BB290 /* BaseView.swift */ = {isa = PBXFileReference; lastKnownFileType = sourcecode.swift; path = BaseView.swift; sourceTree = "<group>"; };
		235281DC28E46CB3002BB290 /* BaseViewController.swift */ = {isa = PBXFileReference; lastKnownFileType = sourcecode.swift; path = BaseViewController.swift; sourceTree = "<group>"; };
		235281DE28E46CEE002BB290 /* BaseViewModel.swift */ = {isa = PBXFileReference; lastKnownFileType = sourcecode.swift; path = BaseViewModel.swift; sourceTree = "<group>"; };
		235281E028E46D0F002BB290 /* BaseNAvigationController.swift */ = {isa = PBXFileReference; lastKnownFileType = sourcecode.swift; path = BaseNAvigationController.swift; sourceTree = "<group>"; };
		235281E228E46D21002BB290 /* APIError.swift */ = {isa = PBXFileReference; lastKnownFileType = sourcecode.swift; path = APIError.swift; sourceTree = "<group>"; };
		235281E428E46D39002BB290 /* APIService.swift */ = {isa = PBXFileReference; lastKnownFileType = sourcecode.swift; path = APIService.swift; sourceTree = "<group>"; };
		235281E628E46D64002BB290 /* URLResource.swift */ = {isa = PBXFileReference; lastKnownFileType = sourcecode.swift; path = URLResource.swift; sourceTree = "<group>"; };
		235281E828E46DA1002BB290 /* APISession.swift */ = {isa = PBXFileReference; lastKnownFileType = sourcecode.swift; path = APISession.swift; sourceTree = "<group>"; };
		235281EC28E46EE0002BB290 /* NotoSansKR-Light.otf */ = {isa = PBXFileReference; lastKnownFileType = file; path = "NotoSansKR-Light.otf"; sourceTree = "<group>"; };
		235281ED28E46EE0002BB290 /* NotoSansKR-Medium.otf */ = {isa = PBXFileReference; lastKnownFileType = file; path = "NotoSansKR-Medium.otf"; sourceTree = "<group>"; };
		235281EE28E46EE0002BB290 /* NotoSansKR-Bold.otf */ = {isa = PBXFileReference; lastKnownFileType = file; path = "NotoSansKR-Bold.otf"; sourceTree = "<group>"; };
		235281F228E46F57002BB290 /* UIFont+.swift */ = {isa = PBXFileReference; lastKnownFileType = sourcecode.swift; path = "UIFont+.swift"; sourceTree = "<group>"; };
		235281F728E47071002BB290 /* HomeVC.swift */ = {isa = PBXFileReference; lastKnownFileType = sourcecode.swift; path = HomeVC.swift; sourceTree = "<group>"; };
		235281F928E47760002BB290 /* NavigationBar.swift */ = {isa = PBXFileReference; lastKnownFileType = sourcecode.swift; path = NavigationBar.swift; sourceTree = "<group>"; };
		235281FC28E477BC002BB290 /* NaviType.swift */ = {isa = PBXFileReference; lastKnownFileType = sourcecode.swift; path = NaviType.swift; sourceTree = "<group>"; };
		2352820028E5D134002BB290 /* NotiTBC.swift */ = {isa = PBXFileReference; lastKnownFileType = sourcecode.swift; path = NotiTBC.swift; sourceTree = "<group>"; };
		2352820428E60875002BB290 /* NotiTabBar.swift */ = {isa = PBXFileReference; lastKnownFileType = sourcecode.swift; path = NotiTabBar.swift; sourceTree = "<group>"; };
		2352820628E61164002BB290 /* NotiTBC.storyboard */ = {isa = PBXFileReference; lastKnownFileType = file.storyboard; path = NotiTBC.storyboard; sourceTree = "<group>"; };
		237A2E8428E697C60030FBCE /* HomeHeaderView.swift */ = {isa = PBXFileReference; lastKnownFileType = sourcecode.swift; path = HomeHeaderView.swift; sourceTree = "<group>"; };
		237A2E8628E6999C0030FBCE /* DateType.swift */ = {isa = PBXFileReference; lastKnownFileType = sourcecode.swift; path = DateType.swift; sourceTree = "<group>"; };
		237A2E8828E6A43F0030FBCE /* UserDefaults+.swift */ = {isa = PBXFileReference; lastKnownFileType = sourcecode.swift; path = "UserDefaults+.swift"; sourceTree = "<group>"; };
		237A2E8C28E6AAB00030FBCE /* ClassProgressView.swift */ = {isa = PBXFileReference; lastKnownFileType = sourcecode.swift; path = ClassProgressView.swift; sourceTree = "<group>"; };
		338C765C1AB61DC5483BE708 /* Pods-NOTI_Teacher.release.xcconfig */ = {isa = PBXFileReference; includeInIndex = 1; lastKnownFileType = text.xcconfig; name = "Pods-NOTI_Teacher.release.xcconfig"; path = "Target Support Files/Pods-NOTI_Teacher/Pods-NOTI_Teacher.release.xcconfig"; sourceTree = "<group>"; };
		6ACA048264682F6568D35C61 /* Pods_NOTI_Teacher.framework */ = {isa = PBXFileReference; explicitFileType = wrapper.framework; includeInIndex = 0; path = Pods_NOTI_Teacher.framework; sourceTree = BUILT_PRODUCTS_DIR; };
		7088932F122A8D9A7DFCCE4F /* Pods-NOTI_Teacher.debug.xcconfig */ = {isa = PBXFileReference; includeInIndex = 1; lastKnownFileType = text.xcconfig; name = "Pods-NOTI_Teacher.debug.xcconfig"; path = "Target Support Files/Pods-NOTI_Teacher/Pods-NOTI_Teacher.debug.xcconfig"; sourceTree = "<group>"; };
/* End PBXFileReference section */

/* Begin PBXFrameworksBuildPhase section */
		235281A328E45B5B002BB290 /* Frameworks */ = {
			isa = PBXFrameworksBuildPhase;
			buildActionMask = 2147483647;
			files = (
				F3B0BB4615B77D5BCC39C145 /* Pods_NOTI_Teacher.framework in Frameworks */,
			);
			runOnlyForDeploymentPostprocessing = 0;
		};
/* End PBXFrameworksBuildPhase section */

/* Begin PBXGroup section */
		02988E65A8182AFB24F5F0CD /* Frameworks */ = {
			isa = PBXGroup;
			children = (
				6ACA048264682F6568D35C61 /* Pods_NOTI_Teacher.framework */,
			);
			name = Frameworks;
			sourceTree = "<group>";
		};
		2352819D28E45B5B002BB290 = {
			isa = PBXGroup;
			children = (
				235281A828E45B5B002BB290 /* NOTI_Teacher */,
				235281A728E45B5B002BB290 /* Products */,
				6DC2750819BAA67E30D68415 /* Pods */,
				02988E65A8182AFB24F5F0CD /* Frameworks */,
			);
			sourceTree = "<group>";
		};
		235281A728E45B5B002BB290 /* Products */ = {
			isa = PBXGroup;
			children = (
				235281A628E45B5B002BB290 /* NOTI_Teacher.app */,
			);
			name = Products;
			sourceTree = "<group>";
		};
		235281A828E45B5B002BB290 /* NOTI_Teacher */ = {
			isa = PBXGroup;
			children = (
				235281BF28E46292002BB290 /* Global */,
				235281BE28E4628C002BB290 /* Screen */,
				235281BD28E46286002BB290 /* Support */,
			);
			path = NOTI_Teacher;
			sourceTree = "<group>";
		};
		235281BD28E46286002BB290 /* Support */ = {
			isa = PBXGroup;
			children = (
				235281A928E45B5B002BB290 /* AppDelegate.swift */,
				235281B228E45B5D002BB290 /* Assets.xcassets */,
				235281B728E45B5D002BB290 /* Info.plist */,
			);
			path = Support;
			sourceTree = "<group>";
		};
		235281BE28E4628C002BB290 /* Screen */ = {
			isa = PBXGroup;
			children = (
				235281B428E45B5D002BB290 /* LaunchScreen.storyboard */,
				235281D728E46C70002BB290 /* Share */,
				235281FF28E5D07A002BB290 /* TabBar */,
				235281F428E47042002BB290 /* Home */,
			);
			path = Screen;
			sourceTree = "<group>";
		};
		235281BF28E46292002BB290 /* Global */ = {
			isa = PBXGroup;
			children = (
				235281C328E4634C002BB290 /* Foundation */,
				235281C228E46344002BB290 /* Extension */,
				235281C128E4633E002BB290 /* Network */,
				235281C028E46321002BB290 /* BaseClass */,
				235281FB28E477B0002BB290 /* Enum */,
				235281D428E46BB0002BB290 /* Font */,
			);
			path = Global;
			sourceTree = "<group>";
		};
		235281C028E46321002BB290 /* BaseClass */ = {
			isa = PBXGroup;
			children = (
				235281DA28E46C96002BB290 /* BaseView.swift */,
				235281DC28E46CB3002BB290 /* BaseViewController.swift */,
				235281DE28E46CEE002BB290 /* BaseViewModel.swift */,
				235281E028E46D0F002BB290 /* BaseNAvigationController.swift */,
			);
			path = BaseClass;
			sourceTree = "<group>";
		};
		235281C128E4633E002BB290 /* Network */ = {
			isa = PBXGroup;
			children = (
				235281E228E46D21002BB290 /* APIError.swift */,
				235281E428E46D39002BB290 /* APIService.swift */,
				235281E828E46DA1002BB290 /* APISession.swift */,
				235281E628E46D64002BB290 /* URLResource.swift */,
			);
			path = Network;
			sourceTree = "<group>";
		};
		235281C228E46344002BB290 /* Extension */ = {
			isa = PBXGroup;
			children = (
				235281CE28E46658002BB290 /* UIView+.swift */,
				235281D028E466BF002BB290 /* UIViewController+.swift */,
				235281CC28E465F2002BB290 /* UILabel+.swift */,
				235281F228E46F57002BB290 /* UIFont+.swift */,
				235281D228E4671C002BB290 /* UIColor+.swift */,
				235281CA28E46410002BB290 /* String+.swift */,
				235281D528E46BE8002BB290 /* Date+.swift */,
				237A2E8828E6A43F0030FBCE /* UserDefaults+.swift */,
			);
			path = Extension;
			sourceTree = "<group>";
		};
		235281C328E4634C002BB290 /* Foundation */ = {
			isa = PBXGroup;
			children = (
				235281C428E46374002BB290 /* Input.swift */,
				235281C628E4638B002BB290 /* Output.swift */,
				235281C828E463A1002BB290 /* Loadable.swift */,
			);
			path = Foundation;
			sourceTree = "<group>";
		};
		235281D428E46BB0002BB290 /* Font */ = {
			isa = PBXGroup;
			children = (
				235281EE28E46EE0002BB290 /* NotoSansKR-Bold.otf */,
				235281ED28E46EE0002BB290 /* NotoSansKR-Medium.otf */,
				235281EC28E46EE0002BB290 /* NotoSansKR-Light.otf */,
			);
			path = Font;
			sourceTree = "<group>";
		};
		235281D728E46C70002BB290 /* Share */ = {
			isa = PBXGroup;
			children = (
				235281D828E46C7C002BB290 /* LoadingView.swift */,
				235281F928E47760002BB290 /* NavigationBar.swift */,
			);
			path = Share;
			sourceTree = "<group>";
		};
		235281F428E47042002BB290 /* Home */ = {
			isa = PBXGroup;
			children = (
				237A2E8328E697A80030FBCE /* View */,
				237A2E8028E697730030FBCE /* ViewController */,
			);
			path = Home;
			sourceTree = "<group>";
		};
		235281FB28E477B0002BB290 /* Enum */ = {
			isa = PBXGroup;
			children = (
				235281FC28E477BC002BB290 /* NaviType.swift */,
				237A2E8628E6999C0030FBCE /* DateType.swift */,
			);
			path = Enum;
			sourceTree = "<group>";
		};
		235281FF28E5D07A002BB290 /* TabBar */ = {
			isa = PBXGroup;
			children = (
				2352820628E61164002BB290 /* NotiTBC.storyboard */,
				2352820028E5D134002BB290 /* NotiTBC.swift */,
				2352820428E60875002BB290 /* NotiTabBar.swift */,
			);
			path = TabBar;
			sourceTree = "<group>";
		};
		237A2E8028E697730030FBCE /* ViewController */ = {
			isa = PBXGroup;
			children = (
				235281F728E47071002BB290 /* HomeVC.swift */,
			);
			path = ViewController;
			sourceTree = "<group>";
		};
		237A2E8328E697A80030FBCE /* View */ = {
			isa = PBXGroup;
			children = (
				237A2E8428E697C60030FBCE /* HomeHeaderView.swift */,
				237A2E8C28E6AAB00030FBCE /* ClassProgressView.swift */,
			);
			path = View;
			sourceTree = "<group>";
		};
		6DC2750819BAA67E30D68415 /* Pods */ = {
			isa = PBXGroup;
			children = (
				7088932F122A8D9A7DFCCE4F /* Pods-NOTI_Teacher.debug.xcconfig */,
				338C765C1AB61DC5483BE708 /* Pods-NOTI_Teacher.release.xcconfig */,
			);
			path = Pods;
			sourceTree = "<group>";
		};
/* End PBXGroup section */

/* Begin PBXNativeTarget section */
		235281A528E45B5B002BB290 /* NOTI_Teacher */ = {
			isa = PBXNativeTarget;
			buildConfigurationList = 235281BA28E45B5D002BB290 /* Build configuration list for PBXNativeTarget "NOTI_Teacher" */;
			buildPhases = (
				C05B7F06D5C5DD178F2E268A /* [CP] Check Pods Manifest.lock */,
				235281A228E45B5B002BB290 /* Sources */,
				235281A328E45B5B002BB290 /* Frameworks */,
				235281A428E45B5B002BB290 /* Resources */,
				DEA7506D5B443BD8E406AA8F /* [CP] Embed Pods Frameworks */,
			);
			buildRules = (
			);
			dependencies = (
			);
			name = NOTI_Teacher;
			productName = NOTI_Teacher;
			productReference = 235281A628E45B5B002BB290 /* NOTI_Teacher.app */;
			productType = "com.apple.product-type.application";
		};
/* End PBXNativeTarget section */

/* Begin PBXProject section */
		2352819E28E45B5B002BB290 /* Project object */ = {
			isa = PBXProject;
			attributes = {
				BuildIndependentTargetsInParallel = 1;
				LastSwiftUpdateCheck = 1340;
				LastUpgradeCheck = 1340;
				TargetAttributes = {
					235281A528E45B5B002BB290 = {
						CreatedOnToolsVersion = 13.4.1;
					};
				};
			};
			buildConfigurationList = 235281A128E45B5B002BB290 /* Build configuration list for PBXProject "NOTI_Teacher" */;
			compatibilityVersion = "Xcode 13.0";
			developmentRegion = en;
			hasScannedForEncodings = 0;
			knownRegions = (
				en,
				Base,
			);
			mainGroup = 2352819D28E45B5B002BB290;
			productRefGroup = 235281A728E45B5B002BB290 /* Products */;
			projectDirPath = "";
			projectRoot = "";
			targets = (
				235281A528E45B5B002BB290 /* NOTI_Teacher */,
			);
		};
/* End PBXProject section */

/* Begin PBXResourcesBuildPhase section */
		235281A428E45B5B002BB290 /* Resources */ = {
			isa = PBXResourcesBuildPhase;
			buildActionMask = 2147483647;
			files = (
				2352820728E61164002BB290 /* NotiTBC.storyboard in Resources */,
				235281F028E46EE0002BB290 /* NotoSansKR-Medium.otf in Resources */,
				235281EF28E46EE0002BB290 /* NotoSansKR-Light.otf in Resources */,
				235281B628E45B5D002BB290 /* LaunchScreen.storyboard in Resources */,
				235281B328E45B5D002BB290 /* Assets.xcassets in Resources */,
				235281F128E46EE0002BB290 /* NotoSansKR-Bold.otf in Resources */,
			);
			runOnlyForDeploymentPostprocessing = 0;
		};
/* End PBXResourcesBuildPhase section */

/* Begin PBXShellScriptBuildPhase section */
		C05B7F06D5C5DD178F2E268A /* [CP] Check Pods Manifest.lock */ = {
			isa = PBXShellScriptBuildPhase;
			buildActionMask = 2147483647;
			files = (
			);
			inputFileListPaths = (
			);
			inputPaths = (
				"${PODS_PODFILE_DIR_PATH}/Podfile.lock",
				"${PODS_ROOT}/Manifest.lock",
			);
			name = "[CP] Check Pods Manifest.lock";
			outputFileListPaths = (
			);
			outputPaths = (
				"$(DERIVED_FILE_DIR)/Pods-NOTI_Teacher-checkManifestLockResult.txt",
			);
			runOnlyForDeploymentPostprocessing = 0;
			shellPath = /bin/sh;
			shellScript = "diff \"${PODS_PODFILE_DIR_PATH}/Podfile.lock\" \"${PODS_ROOT}/Manifest.lock\" > /dev/null\nif [ $? != 0 ] ; then\n    # print error to STDERR\n    echo \"error: The sandbox is not in sync with the Podfile.lock. Run 'pod install' or update your CocoaPods installation.\" >&2\n    exit 1\nfi\n# This output is used by Xcode 'outputs' to avoid re-running this script phase.\necho \"SUCCESS\" > \"${SCRIPT_OUTPUT_FILE_0}\"\n";
			showEnvVarsInLog = 0;
		};
		DEA7506D5B443BD8E406AA8F /* [CP] Embed Pods Frameworks */ = {
			isa = PBXShellScriptBuildPhase;
			buildActionMask = 2147483647;
			files = (
			);
			inputFileListPaths = (
				"${PODS_ROOT}/Target Support Files/Pods-NOTI_Teacher/Pods-NOTI_Teacher-frameworks-${CONFIGURATION}-input-files.xcfilelist",
			);
			name = "[CP] Embed Pods Frameworks";
			outputFileListPaths = (
				"${PODS_ROOT}/Target Support Files/Pods-NOTI_Teacher/Pods-NOTI_Teacher-frameworks-${CONFIGURATION}-output-files.xcfilelist",
			);
			runOnlyForDeploymentPostprocessing = 0;
			shellPath = /bin/sh;
			shellScript = "\"${PODS_ROOT}/Target Support Files/Pods-NOTI_Teacher/Pods-NOTI_Teacher-frameworks.sh\"\n";
			showEnvVarsInLog = 0;
		};
/* End PBXShellScriptBuildPhase section */

/* Begin PBXSourcesBuildPhase section */
		235281A228E45B5B002BB290 /* Sources */ = {
			isa = PBXSourcesBuildPhase;
			buildActionMask = 2147483647;
			files = (
				235281E528E46D39002BB290 /* APIService.swift in Sources */,
				235281E728E46D64002BB290 /* URLResource.swift in Sources */,
				235281DD28E46CB3002BB290 /* BaseViewController.swift in Sources */,
				235281CD28E465F2002BB290 /* UILabel+.swift in Sources */,
				235281C528E46374002BB290 /* Input.swift in Sources */,
				235281FA28E47760002BB290 /* NavigationBar.swift in Sources */,
				235281FD28E477BC002BB290 /* NaviType.swift in Sources */,
				235281E128E46D0F002BB290 /* BaseNAvigationController.swift in Sources */,
				235281DF28E46CEE002BB290 /* BaseViewModel.swift in Sources */,
				2352820128E5D134002BB290 /* NotiTBC.swift in Sources */,
				235281E928E46DA1002BB290 /* APISession.swift in Sources */,
				235281D128E466BF002BB290 /* UIViewController+.swift in Sources */,
				235281DB28E46C96002BB290 /* BaseView.swift in Sources */,
				235281D928E46C7C002BB290 /* LoadingView.swift in Sources */,
				235281CF28E46658002BB290 /* UIView+.swift in Sources */,
				235281F328E46F57002BB290 /* UIFont+.swift in Sources */,
				237A2E8928E6A43F0030FBCE /* UserDefaults+.swift in Sources */,
				235281C928E463A1002BB290 /* Loadable.swift in Sources */,
				235281CB28E46410002BB290 /* String+.swift in Sources */,
				235281F828E47071002BB290 /* HomeVC.swift in Sources */,
				2352820528E60875002BB290 /* NotiTabBar.swift in Sources */,
				235281C728E4638B002BB290 /* Output.swift in Sources */,
				235281D628E46BE8002BB290 /* Date+.swift in Sources */,
				237A2E8728E6999C0030FBCE /* DateType.swift in Sources */,
				235281E328E46D21002BB290 /* APIError.swift in Sources */,
				237A2E8D28E6AAB00030FBCE /* ClassProgressView.swift in Sources */,
				235281AA28E45B5B002BB290 /* AppDelegate.swift in Sources */,
				235281D328E4671C002BB290 /* UIColor+.swift in Sources */,
				237A2E8528E697C60030FBCE /* HomeHeaderView.swift in Sources */,
			);
			runOnlyForDeploymentPostprocessing = 0;
		};
/* End PBXSourcesBuildPhase section */

/* Begin PBXVariantGroup section */
		235281B428E45B5D002BB290 /* LaunchScreen.storyboard */ = {
			isa = PBXVariantGroup;
			children = (
				235281B528E45B5D002BB290 /* Base */,
			);
			name = LaunchScreen.storyboard;
			sourceTree = "<group>";
		};
/* End PBXVariantGroup section */

/* Begin XCBuildConfiguration section */
		235281B828E45B5D002BB290 /* Debug */ = {
			isa = XCBuildConfiguration;
			buildSettings = {
				ALWAYS_SEARCH_USER_PATHS = NO;
				CLANG_ANALYZER_NONNULL = YES;
				CLANG_ANALYZER_NUMBER_OBJECT_CONVERSION = YES_AGGRESSIVE;
				CLANG_CXX_LANGUAGE_STANDARD = "gnu++17";
				CLANG_ENABLE_MODULES = YES;
				CLANG_ENABLE_OBJC_ARC = YES;
				CLANG_ENABLE_OBJC_WEAK = YES;
				CLANG_WARN_BLOCK_CAPTURE_AUTORELEASING = YES;
				CLANG_WARN_BOOL_CONVERSION = YES;
				CLANG_WARN_COMMA = YES;
				CLANG_WARN_CONSTANT_CONVERSION = YES;
				CLANG_WARN_DEPRECATED_OBJC_IMPLEMENTATIONS = YES;
				CLANG_WARN_DIRECT_OBJC_ISA_USAGE = YES_ERROR;
				CLANG_WARN_DOCUMENTATION_COMMENTS = YES;
				CLANG_WARN_EMPTY_BODY = YES;
				CLANG_WARN_ENUM_CONVERSION = YES;
				CLANG_WARN_INFINITE_RECURSION = YES;
				CLANG_WARN_INT_CONVERSION = YES;
				CLANG_WARN_NON_LITERAL_NULL_CONVERSION = YES;
				CLANG_WARN_OBJC_IMPLICIT_RETAIN_SELF = YES;
				CLANG_WARN_OBJC_LITERAL_CONVERSION = YES;
				CLANG_WARN_OBJC_ROOT_CLASS = YES_ERROR;
				CLANG_WARN_QUOTED_INCLUDE_IN_FRAMEWORK_HEADER = YES;
				CLANG_WARN_RANGE_LOOP_ANALYSIS = YES;
				CLANG_WARN_STRICT_PROTOTYPES = YES;
				CLANG_WARN_SUSPICIOUS_MOVE = YES;
				CLANG_WARN_UNGUARDED_AVAILABILITY = YES_AGGRESSIVE;
				CLANG_WARN_UNREACHABLE_CODE = YES;
				CLANG_WARN__DUPLICATE_METHOD_MATCH = YES;
				COPY_PHASE_STRIP = NO;
				DEBUG_INFORMATION_FORMAT = dwarf;
				ENABLE_STRICT_OBJC_MSGSEND = YES;
				ENABLE_TESTABILITY = YES;
				GCC_C_LANGUAGE_STANDARD = gnu11;
				GCC_DYNAMIC_NO_PIC = NO;
				GCC_NO_COMMON_BLOCKS = YES;
				GCC_OPTIMIZATION_LEVEL = 0;
				GCC_PREPROCESSOR_DEFINITIONS = (
					"DEBUG=1",
					"$(inherited)",
				);
				GCC_WARN_64_TO_32_BIT_CONVERSION = YES;
				GCC_WARN_ABOUT_RETURN_TYPE = YES_ERROR;
				GCC_WARN_UNDECLARED_SELECTOR = YES;
				GCC_WARN_UNINITIALIZED_AUTOS = YES_AGGRESSIVE;
				GCC_WARN_UNUSED_FUNCTION = YES;
				GCC_WARN_UNUSED_VARIABLE = YES;
				IPHONEOS_DEPLOYMENT_TARGET = 15.5;
				MTL_ENABLE_DEBUG_INFO = INCLUDE_SOURCE;
				MTL_FAST_MATH = YES;
				ONLY_ACTIVE_ARCH = YES;
				SDKROOT = iphoneos;
				SWIFT_ACTIVE_COMPILATION_CONDITIONS = DEBUG;
				SWIFT_OPTIMIZATION_LEVEL = "-Onone";
			};
			name = Debug;
		};
		235281B928E45B5D002BB290 /* Release */ = {
			isa = XCBuildConfiguration;
			buildSettings = {
				ALWAYS_SEARCH_USER_PATHS = NO;
				CLANG_ANALYZER_NONNULL = YES;
				CLANG_ANALYZER_NUMBER_OBJECT_CONVERSION = YES_AGGRESSIVE;
				CLANG_CXX_LANGUAGE_STANDARD = "gnu++17";
				CLANG_ENABLE_MODULES = YES;
				CLANG_ENABLE_OBJC_ARC = YES;
				CLANG_ENABLE_OBJC_WEAK = YES;
				CLANG_WARN_BLOCK_CAPTURE_AUTORELEASING = YES;
				CLANG_WARN_BOOL_CONVERSION = YES;
				CLANG_WARN_COMMA = YES;
				CLANG_WARN_CONSTANT_CONVERSION = YES;
				CLANG_WARN_DEPRECATED_OBJC_IMPLEMENTATIONS = YES;
				CLANG_WARN_DIRECT_OBJC_ISA_USAGE = YES_ERROR;
				CLANG_WARN_DOCUMENTATION_COMMENTS = YES;
				CLANG_WARN_EMPTY_BODY = YES;
				CLANG_WARN_ENUM_CONVERSION = YES;
				CLANG_WARN_INFINITE_RECURSION = YES;
				CLANG_WARN_INT_CONVERSION = YES;
				CLANG_WARN_NON_LITERAL_NULL_CONVERSION = YES;
				CLANG_WARN_OBJC_IMPLICIT_RETAIN_SELF = YES;
				CLANG_WARN_OBJC_LITERAL_CONVERSION = YES;
				CLANG_WARN_OBJC_ROOT_CLASS = YES_ERROR;
				CLANG_WARN_QUOTED_INCLUDE_IN_FRAMEWORK_HEADER = YES;
				CLANG_WARN_RANGE_LOOP_ANALYSIS = YES;
				CLANG_WARN_STRICT_PROTOTYPES = YES;
				CLANG_WARN_SUSPICIOUS_MOVE = YES;
				CLANG_WARN_UNGUARDED_AVAILABILITY = YES_AGGRESSIVE;
				CLANG_WARN_UNREACHABLE_CODE = YES;
				CLANG_WARN__DUPLICATE_METHOD_MATCH = YES;
				COPY_PHASE_STRIP = NO;
				DEBUG_INFORMATION_FORMAT = "dwarf-with-dsym";
				ENABLE_NS_ASSERTIONS = NO;
				ENABLE_STRICT_OBJC_MSGSEND = YES;
				GCC_C_LANGUAGE_STANDARD = gnu11;
				GCC_NO_COMMON_BLOCKS = YES;
				GCC_WARN_64_TO_32_BIT_CONVERSION = YES;
				GCC_WARN_ABOUT_RETURN_TYPE = YES_ERROR;
				GCC_WARN_UNDECLARED_SELECTOR = YES;
				GCC_WARN_UNINITIALIZED_AUTOS = YES_AGGRESSIVE;
				GCC_WARN_UNUSED_FUNCTION = YES;
				GCC_WARN_UNUSED_VARIABLE = YES;
				IPHONEOS_DEPLOYMENT_TARGET = 15.5;
				MTL_ENABLE_DEBUG_INFO = NO;
				MTL_FAST_MATH = YES;
				SDKROOT = iphoneos;
				SWIFT_COMPILATION_MODE = wholemodule;
				SWIFT_OPTIMIZATION_LEVEL = "-O";
				VALIDATE_PRODUCT = YES;
			};
			name = Release;
		};
		235281BB28E45B5D002BB290 /* Debug */ = {
			isa = XCBuildConfiguration;
			baseConfigurationReference = 7088932F122A8D9A7DFCCE4F /* Pods-NOTI_Teacher.debug.xcconfig */;
			buildSettings = {
				ASSETCATALOG_COMPILER_APPICON_NAME = AppIcon;
				ASSETCATALOG_COMPILER_GLOBAL_ACCENT_COLOR_NAME = AccentColor;
				CODE_SIGN_STYLE = Automatic;
				CURRENT_PROJECT_VERSION = 1;
				DEVELOPMENT_TEAM = U2Z5Z44P4R;
				GENERATE_INFOPLIST_FILE = YES;
				INFOPLIST_FILE = NOTI_Teacher/Support/Info.plist;
				INFOPLIST_KEY_UIApplicationSupportsIndirectInputEvents = YES;
				INFOPLIST_KEY_UILaunchStoryboardName = LaunchScreen;
				INFOPLIST_KEY_UIMainStoryboardFile = NotiTBC;
				INFOPLIST_KEY_UISupportedInterfaceOrientations_iPad = "UIInterfaceOrientationPortrait UIInterfaceOrientationPortraitUpsideDown UIInterfaceOrientationLandscapeLeft UIInterfaceOrientationLandscapeRight";
				INFOPLIST_KEY_UISupportedInterfaceOrientations_iPhone = "UIInterfaceOrientationPortrait UIInterfaceOrientationLandscapeLeft UIInterfaceOrientationLandscapeRight";
				LD_RUNPATH_SEARCH_PATHS = (
					"$(inherited)",
					"@executable_path/Frameworks",
				);
				MARKETING_VERSION = 1.0;
				PRODUCT_BUNDLE_IDENTIFIER = "com.Nonigement.NOTI-Teacher";
				PRODUCT_NAME = "$(TARGET_NAME)";
				SWIFT_EMIT_LOC_STRINGS = YES;
				SWIFT_VERSION = 5.0;
				TARGETED_DEVICE_FAMILY = "1,2";
			};
			name = Debug;
		};
		235281BC28E45B5D002BB290 /* Release */ = {
			isa = XCBuildConfiguration;
			baseConfigurationReference = 338C765C1AB61DC5483BE708 /* Pods-NOTI_Teacher.release.xcconfig */;
			buildSettings = {
				ASSETCATALOG_COMPILER_APPICON_NAME = AppIcon;
				ASSETCATALOG_COMPILER_GLOBAL_ACCENT_COLOR_NAME = AccentColor;
				CODE_SIGN_STYLE = Automatic;
				CURRENT_PROJECT_VERSION = 1;
				DEVELOPMENT_TEAM = U2Z5Z44P4R;
				GENERATE_INFOPLIST_FILE = YES;
				INFOPLIST_FILE = NOTI_Teacher/Support/Info.plist;
				INFOPLIST_KEY_UIApplicationSupportsIndirectInputEvents = YES;
				INFOPLIST_KEY_UILaunchStoryboardName = LaunchScreen;
				INFOPLIST_KEY_UIMainStoryboardFile = NotiTBC;
				INFOPLIST_KEY_UISupportedInterfaceOrientations_iPad = "UIInterfaceOrientationPortrait UIInterfaceOrientationPortraitUpsideDown UIInterfaceOrientationLandscapeLeft UIInterfaceOrientationLandscapeRight";
				INFOPLIST_KEY_UISupportedInterfaceOrientations_iPhone = "UIInterfaceOrientationPortrait UIInterfaceOrientationLandscapeLeft UIInterfaceOrientationLandscapeRight";
				LD_RUNPATH_SEARCH_PATHS = (
					"$(inherited)",
					"@executable_path/Frameworks",
				);
				MARKETING_VERSION = 1.0;
				PRODUCT_BUNDLE_IDENTIFIER = "com.Nonigement.NOTI-Teacher";
				PRODUCT_NAME = "$(TARGET_NAME)";
				SWIFT_EMIT_LOC_STRINGS = YES;
				SWIFT_VERSION = 5.0;
				TARGETED_DEVICE_FAMILY = "1,2";
			};
			name = Release;
		};
/* End XCBuildConfiguration section */

/* Begin XCConfigurationList section */
		235281A128E45B5B002BB290 /* Build configuration list for PBXProject "NOTI_Teacher" */ = {
			isa = XCConfigurationList;
			buildConfigurations = (
				235281B828E45B5D002BB290 /* Debug */,
				235281B928E45B5D002BB290 /* Release */,
			);
			defaultConfigurationIsVisible = 0;
			defaultConfigurationName = Release;
		};
		235281BA28E45B5D002BB290 /* Build configuration list for PBXNativeTarget "NOTI_Teacher" */ = {
			isa = XCConfigurationList;
			buildConfigurations = (
				235281BB28E45B5D002BB290 /* Debug */,
				235281BC28E45B5D002BB290 /* Release */,
			);
			defaultConfigurationIsVisible = 0;
			defaultConfigurationName = Release;
		};
/* End XCConfigurationList section */
	};
	rootObject = 2352819E28E45B5B002BB290 /* Project object */;
}
